
Microsoft Visual Studio Solution File, Format Version 11.00
# Visual Studio 2010
Project("{FAE04EC0-301F-11D3-BF4B-00C04F79EFBC}") = "SortAnalyzer", "SortAnalyzer\SortAnalyzer.csproj", "{9D7CBD15-9901-48BF-84BB-A3B1F3618DD7}"
EndProject
Global
	GlobalSection(SolutionConfigurationPlatforms) = preSolution
		Debug|x86 = Debug|x86
		Release|x86 = Release|x86
	EndGlobalSection
	GlobalSection(ProjectConfigurationPlatforms) = postSolution
		{9D7CBD15-9901-48BF-84BB-A3B1F3618DD7}.Debug|x86.ActiveCfg = Debug|x86
		{9D7CBD15-9901-48BF-84BB-A3B1F3618DD7}.Debug|x86.Build.0 = Debug|x86
		{9D7CBD15-9901-48BF-84BB-A3B1F3618DD7}.Release|x86.ActiveCfg = Release|x86
		{9D7CBD15-9901-48BF-84BB-A3B1F3618DD7}.Release|x86.Build.0 = Release|x86
	EndGlobalSection
	GlobalSection(SolutionProperties) = preSolution
		HideSolutionNode = FALSE
	EndGlobalSection
EndGlobal
